{
  "name": "gcp",
  "lockfileVersion": 3,
  "requires": true,
  "packages": {
    "": {
      "dependencies": {
        "@angular/common": "^19.2.12",
        "@angular/core": "^19.2.12",
        "@angular/platform-browser": "^19.2.12",
        "keycloak-js": "^26.2.0",
        "tslib": "^2.8.1"
      },
      "devDependencies": {
        "@types/keycloak-js": "^2.5.4"
      }
    },
    "node_modules/@angular/common": {
      "version": "19.2.12",
      "resolved": "https://registry.npmjs.org/@angular/common/-/common-19.2.12.tgz",
      "integrity": "sha512-oE2KLvU+YUyq2pUPS8nBWxkPGj29JzslaFcS9vQgvuKZgBTIwAgKm8QHBsitiZ0V+kX8Agwnl5YSdxdtuV2gQQ==",
      "license": "MIT",
      "dependencies": {
        "tslib": "^2.3.0"
      },
      "engines": {
        "node": "^18.19.1 || ^20.11.1 || >=22.0.0"
      },
      "peerDependencies": {
        "@angular/core": "19.2.12",
        "rxjs": "^6.5.3 || ^7.4.0"
      }
    },
    "node_modules/@angular/core": {
      "version": "19.2.12",
      "resolved": "https://registry.npmjs.org/@angular/core/-/core-19.2.12.tgz",
      "integrity": "sha512-NO/EfB1er3627Y9vxEw+VjR59g3fKigAX03DMHF4nyIsjxFZVtzKYztx7hfpCQ4f4kgqKz6WKi3ueUyyyziFqQ==",
      "license": "MIT",
      "dependencies": {
        "tslib": "^2.3.0"
      },
      "engines": {
        "node": "^18.19.1 || ^20.11.1 || >=22.0.0"
      },
      "peerDependencies": {
        "rxjs": "^6.5.3 || ^7.4.0",
        "zone.js": "~0.15.0"
      }
    },
    "node_modules/@angular/platform-browser": {
      "version": "19.2.12",
      "resolved": "https://registry.npmjs.org/@angular/platform-browser/-/platform-browser-19.2.12.tgz",
      "integrity": "sha512-R1LF7zvO2CxcJGn8tvpZQPH773iLDMVEGMZc2pRsQoehqgRmos2qjdML4DgVFF1Ismu9TxEtBfIzOiHCSOg2Zg==",
      "license": "MIT",
      "dependencies": {
        "tslib": "^2.3.0"
      },
      "engines": {
        "node": "^18.19.1 || ^20.11.1 || >=22.0.0"
      },
      "peerDependencies": {
        "@angular/animations": "19.2.12",
        "@angular/common": "19.2.12",
        "@angular/core": "19.2.12"
      },
      "peerDependenciesMeta": {
        "@angular/animations": {
          "optional": true
        }
      }
    },
    "node_modules/@types/keycloak-js": {
      "version": "2.5.4",
      "resolved": "https://registry.npmjs.org/@types/keycloak-js/-/keycloak-js-2.5.4.tgz",
      "integrity": "sha512-fJkr8ApHGTyYemFJMS2f4ROH2atCqG9d4xsvWleCBcm6rbE952HNGnqFFHuvN2FFsqOjKriiWSO9h12wohVGmQ==",
      "dev": true,
      "license": "MIT"
    },
    "node_modules/keycloak-js": {
      "version": "26.2.0",
      "resolved": "https://registry.npmjs.org/keycloak-js/-/keycloak-js-26.2.0.tgz",
      "integrity": "sha512-CrFcXTN+d6J0V/1v3Zpioys6qHNWE6yUzVVIsCUAmFn9H14GZ0vuYod+lt+SSpMgWGPuneDZBSGBAeLBFuqjsw==",
      "license": "Apache-2.0"
    },
    "node_modules/rxjs": {
      "version": "7.8.2",
      "resolved": "https://registry.npmjs.org/rxjs/-/rxjs-7.8.2.tgz",
      "integrity": "sha512-dhKf903U/PQZY6boNNtAGdWbG85WAbjT/1xYoZIC7FAY0yWapOBQVsVrDl58W86//e1VpMNBtRV4MaXfdMySFA==",
      "license": "Apache-2.0",
      "peer": true,
      "dependencies": {
        "tslib": "^2.1.0"
      }
    },
    "node_modules/tslib": {
      "version": "2.8.1",
      "resolved": "https://registry.npmjs.org/tslib/-/tslib-2.8.1.tgz",
      "integrity": "sha512-oJFu94HQb+KVduSUQL7wnpmqnfmLsOA/nAh6b6EH0wCEoK0/mPeXU6c3wKDV83MkOuHPRHtSXKKU99IBazS/2w==",
      "license": "0BSD"
    },
    "node_modules/zone.js": {
      "version": "0.15.1",
      "resolved": "https://registry.npmjs.org/zone.js/-/zone.js-0.15.1.tgz",
      "integrity": "sha512-XE96n56IQpJM7NAoXswY3XRLcWFW83xe0BiAOeMD7K5k5xecOeul3Qcpx6GqEeeHNkW5DWL5zOyTbEfB4eti8w==",
      "license": "MIT",
      "peer": true
    }
  }
}
